
Microsoft Visual Studio Solution File, Format Version 12.00
# Visual Studio Version 17
VisualStudioVersion = 17.4.33110.190
MinimumVisualStudioVersion = 10.0.40219.1
Project("{FAE04EC0-301F-11D3-BF4B-00C04F79EFBC}") = "ProductAPI", "ProductAPI\ProductAPI.csproj", "{D46817FD-1AAE-4DF4-A590-0C07CBC4FF8E}"
EndProject
Project("{2150E333-8FDC-42A3-9474-1A3956D46DE8}") = "Solution Items", "Solution Items", "{6CDB6680-BD23-4D45-A833-06D9C5AF9292}"
	ProjectSection(SolutionItems) = preProject
		.editorconfig = .editorconfig
	EndProjectSection
EndProject
Project("{FAE04EC0-301F-11D3-BF4B-00C04F79EFBC}") = "ProductAPI.UnitTests", "ProductAPI.UnitTests\ProductAPI.UnitTests.csproj", "{789E416F-B01A-48FC-8970-D4C4EF891BBE}"
EndProject
Global
	GlobalSection(SolutionConfigurationPlatforms) = preSolution
		Debug|Any CPU = Debug|Any CPU
		Release|Any CPU = Release|Any CPU
	EndGlobalSection
	GlobalSection(ProjectConfigurationPlatforms) = postSolution
		{D46817FD-1AAE-4DF4-A590-0C07CBC4FF8E}.Debug|Any CPU.ActiveCfg = Debug|Any CPU
		{D46817FD-1AAE-4DF4-A590-0C07CBC4FF8E}.Debug|Any CPU.Build.0 = Debug|Any CPU
		{D46817FD-1AAE-4DF4-A590-0C07CBC4FF8E}.Release|Any CPU.ActiveCfg = Release|Any CPU
		{D46817FD-1AAE-4DF4-A590-0C07CBC4FF8E}.Release|Any CPU.Build.0 = Release|Any CPU
		{789E416F-B01A-48FC-8970-D4C4EF891BBE}.Debug|Any CPU.ActiveCfg = Debug|Any CPU
		{789E416F-B01A-48FC-8970-D4C4EF891BBE}.Debug|Any CPU.Build.0 = Debug|Any CPU
		{789E416F-B01A-48FC-8970-D4C4EF891BBE}.Release|Any CPU.ActiveCfg = Release|Any CPU
		{789E416F-B01A-48FC-8970-D4C4EF891BBE}.Release|Any CPU.Build.0 = Release|Any CPU
	EndGlobalSection
	GlobalSection(SolutionProperties) = preSolution
		HideSolutionNode = FALSE
	EndGlobalSection
	GlobalSection(ExtensibilityGlobals) = postSolution
		SolutionGuid = {14098B59-E725-47FE-95E2-68E28A9C687F}
	EndGlobalSection
EndGlobal
